
Microsoft Visual Studio Solution File, Format Version 12.00
# Visual Studio Version 17
VisualStudioVersion = 17.9.34701.34
MinimumVisualStudioVersion = 10.0.40219.1
Project("{FAE04EC0-301F-11D3-BF4B-00C04F79EFBC}") = "CV_Site", "CV_Site\CV_Site.csproj", "{503C96CD-E423-448A-8E05-27A8480131FD}"
EndProject
Project("{FAE04EC0-301F-11D3-BF4B-00C04F79EFBC}") = "Service", "Service\Service.csproj", "{F348DF24-DDFD-4DCB-94A8-46C2ABC9F9DE}"
EndProject
Global
	GlobalSection(SolutionConfigurationPlatforms) = preSolution
		Debug|Any CPU = Debug|Any CPU
		Release|Any CPU = Release|Any CPU
	EndGlobalSection
	GlobalSection(ProjectConfigurationPlatforms) = postSolution
		{503C96CD-E423-448A-8E05-27A8480131FD}.Debug|Any CPU.ActiveCfg = Debug|Any CPU
		{503C96CD-E423-448A-8E05-27A8480131FD}.Debug|Any CPU.Build.0 = Debug|Any CPU
		{503C96CD-E423-448A-8E05-27A8480131FD}.Release|Any CPU.ActiveCfg = Release|Any CPU
		{503C96CD-E423-448A-8E05-27A8480131FD}.Release|Any CPU.Build.0 = Release|Any CPU
		{F348DF24-DDFD-4DCB-94A8-46C2ABC9F9DE}.Debug|Any CPU.ActiveCfg = Debug|Any CPU
		{F348DF24-DDFD-4DCB-94A8-46C2ABC9F9DE}.Debug|Any CPU.Build.0 = Debug|Any CPU
		{F348DF24-DDFD-4DCB-94A8-46C2ABC9F9DE}.Release|Any CPU.ActiveCfg = Release|Any CPU
		{F348DF24-DDFD-4DCB-94A8-46C2ABC9F9DE}.Release|Any CPU.Build.0 = Release|Any CPU
	EndGlobalSection
	GlobalSection(SolutionProperties) = preSolution
		HideSolutionNode = FALSE
	EndGlobalSection
	GlobalSection(ExtensibilityGlobals) = postSolution
		SolutionGuid = {31086362-87FE-48C8-AFE0-03B621D82D06}
	EndGlobalSection
EndGlobal
